// !$*UTF8*$!
{
	archiveVersion = 1;
	classes = {
	};
	objectVersion = 48;
	objects = {

/* Begin PBXBuildFile section */
		3F40E09FB31C5EE75601DB4F /* Pods_Improo.framework in Frameworks */ = {isa = PBXBuildFile; fileRef = FDCC7DE915ADFBCD11AB9541 /* Pods_Improo.framework */; };
		6B0069E31FFE4F1700203383 /* GoogleService-Info.plist in Resources */ = {isa = PBXBuildFile; fileRef = 6B0069E21FFE4F1700203383 /* GoogleService-Info.plist */; };
		6B0069E51FFE843600203383 /* MainViewController+Purchase.swift in Sources */ = {isa = PBXBuildFile; fileRef = 6B0069E41FFE843600203383 /* MainViewController+Purchase.swift */; };
		6B116C521F97A47300DF5D52 /* UIView+Border.swift in Sources */ = {isa = PBXBuildFile; fileRef = 6B116C511F97A47300DF5D52 /* UIView+Border.swift */; };
		6B116C541F98A6F500DF5D52 /* ViewController+Alerts.swift in Sources */ = {isa = PBXBuildFile; fileRef = 6B116C531F98A6F500DF5D52 /* ViewController+Alerts.swift */; };
		6B116C561F98BAD700DF5D52 /* TextView+Placeholder.swift in Sources */ = {isa = PBXBuildFile; fileRef = 6B116C551F98BAD700DF5D52 /* TextView+Placeholder.swift */; };
		6B116C581F98EE6700DF5D52 /* FirestoreManager.swift in Sources */ = {isa = PBXBuildFile; fileRef = 6B116C571F98EE6700DF5D52 /* FirestoreManager.swift */; };
		6B230C6E1FE18E790032EA1F /* CustomizedButton.swift in Sources */ = {isa = PBXBuildFile; fileRef = 6B230C6D1FE18E790032EA1F /* CustomizedButton.swift */; };
		6B624C841F8D0D04007CC30A /* ItemViewController.swift in Sources */ = {isa = PBXBuildFile; fileRef = 6B624C831F8D0D04007CC30A /* ItemViewController.swift */; };
		6B624C871F8E2207007CC30A /* MainViewController+TestData.swift in Sources */ = {isa = PBXBuildFile; fileRef = 6B624C861F8E2207007CC30A /* MainViewController+TestData.swift */; };
		6B624C891F8E2829007CC30A /* Categories.swift in Sources */ = {isa = PBXBuildFile; fileRef = 6B624C881F8E2829007CC30A /* Categories.swift */; };
		6B624CAC1F90E177007CC30A /* ImprooImageVIew.swift in Sources */ = {isa = PBXBuildFile; fileRef = 6B624CAB1F90E177007CC30A /* ImprooImageVIew.swift */; };
		6B64706D1FAF5D1600E3D8DE /* MainViewController+DataSource.swift in Sources */ = {isa = PBXBuildFile; fileRef = 6B64706C1FAF5D1600E3D8DE /* MainViewController+DataSource.swift */; };
		6B7731121FFBC71B009EEF8B /* PurchaseManager.swift in Sources */ = {isa = PBXBuildFile; fileRef = 6B7731111FFBC71B009EEF8B /* PurchaseManager.swift */; };
		6B7731221FFBECF1009EEF8B /* StoreKit.framework in Frameworks */ = {isa = PBXBuildFile; fileRef = 6B7731211FFBECF1009EEF8B /* StoreKit.framework */; };
		6B9708F71FA9E855000DDE6B /* AdvertisementViewController.swift in Sources */ = {isa = PBXBuildFile; fileRef = 6B9708F61FA9E855000DDE6B /* AdvertisementViewController.swift */; };
		6BAB9B771FB8BF9C003E4A7A /* DiagonallyFilledView.swift in Sources */ = {isa = PBXBuildFile; fileRef = 6BAB9B761FB8BF9C003E4A7A /* DiagonallyFilledView.swift */; };
		6BAF476A1FAF42C00018FCF7 /* ItemsCollectionViewDataSource.swift in Sources */ = {isa = PBXBuildFile; fileRef = 6BAF47691FAF42C00018FCF7 /* ItemsCollectionViewDataSource.swift */; };
		6BAF476C1FAF45970018FCF7 /* ItemCollectionViewCell.swift in Sources */ = {isa = PBXBuildFile; fileRef = 6BAF476B1FAF45970018FCF7 /* ItemCollectionViewCell.swift */; };
		6BDE774C1FB0BD7C00C43E93 /* AboutViewController.swift in Sources */ = {isa = PBXBuildFile; fileRef = 6BDE774B1FB0BD7C00C43E93 /* AboutViewController.swift */; };
		6BDE774E1FB0BDD000C43E93 /* SendFeedbackViewController.swift in Sources */ = {isa = PBXBuildFile; fileRef = 6BDE774D1FB0BDD000C43E93 /* SendFeedbackViewController.swift */; };
		6BDE92091F852FD90065E080 /* Section.swift in Sources */ = {isa = PBXBuildFile; fileRef = 6BDE92081F852FD90065E080 /* Section.swift */; };
		6BDE920B1F8536A00065E080 /* CategoriesViewController.swift in Sources */ = {isa = PBXBuildFile; fileRef = 6BDE920A1F8536A00065E080 /* CategoriesViewController.swift */; };
		B19FE8C81FAF9BD800F0B801 /* Colors.swift in Sources */ = {isa = PBXBuildFile; fileRef = B19FE8C71FAF9BD800F0B801 /* Colors.swift */; };
		B1CE46A91F7C2BC600BE8937 /* AppDelegate.swift in Sources */ = {isa = PBXBuildFile; fileRef = B1CE46A81F7C2BC600BE8937 /* AppDelegate.swift */; };
		B1CE46AB1F7C2BC600BE8937 /* MainViewController.swift in Sources */ = {isa = PBXBuildFile; fileRef = B1CE46AA1F7C2BC600BE8937 /* MainViewController.swift */; };
		B1CE46AE1F7C2BC600BE8937 /* Main.storyboard in Resources */ = {isa = PBXBuildFile; fileRef = B1CE46AC1F7C2BC600BE8937 /* Main.storyboard */; };
		B1CE46B01F7C2BC600BE8937 /* Assets.xcassets in Resources */ = {isa = PBXBuildFile; fileRef = B1CE46AF1F7C2BC600BE8937 /* Assets.xcassets */; };
		B1CE46B31F7C2BC600BE8937 /* LaunchScreen.storyboard in Resources */ = {isa = PBXBuildFile; fileRef = B1CE46B11F7C2BC600BE8937 /* LaunchScreen.storyboard */; };
		B1CE46BF1F7D824500BE8937 /* Item.swift in Sources */ = {isa = PBXBuildFile; fileRef = B1CE46BE1F7C2FD600BE8937 /* Item.swift */; };
		B1DD935F1F9E64B6003EA49E /* UIImageView + Helpers.swift in Sources */ = {isa = PBXBuildFile; fileRef = B1DD935E1F9E64B6003EA49E /* UIImageView + Helpers.swift */; };
/* End PBXBuildFile section */

/* Begin PBXFileReference section */
		6B0069E21FFE4F1700203383 /* GoogleService-Info.plist */ = {isa = PBXFileReference; fileEncoding = 4; lastKnownFileType = text.plist.xml; path = "GoogleService-Info.plist"; sourceTree = "<group>"; };
		6B0069E41FFE843600203383 /* MainViewController+Purchase.swift */ = {isa = PBXFileReference; lastKnownFileType = sourcecode.swift; path = "MainViewController+Purchase.swift"; sourceTree = "<group>"; };
		6B116C511F97A47300DF5D52 /* UIView+Border.swift */ = {isa = PBXFileReference; lastKnownFileType = sourcecode.swift; path = "UIView+Border.swift"; sourceTree = "<group>"; };
		6B116C531F98A6F500DF5D52 /* ViewController+Alerts.swift */ = {isa = PBXFileReference; lastKnownFileType = sourcecode.swift; path = "ViewController+Alerts.swift"; sourceTree = "<group>"; };
		6B116C551F98BAD700DF5D52 /* TextView+Placeholder.swift */ = {isa = PBXFileReference; lastKnownFileType = sourcecode.swift; path = "TextView+Placeholder.swift"; sourceTree = "<group>"; };
		6B116C571F98EE6700DF5D52 /* FirestoreManager.swift */ = {isa = PBXFileReference; lastKnownFileType = sourcecode.swift; path = FirestoreManager.swift; sourceTree = "<group>"; };
		6B230C6D1FE18E790032EA1F /* CustomizedButton.swift */ = {isa = PBXFileReference; lastKnownFileType = sourcecode.swift; path = CustomizedButton.swift; sourceTree = "<group>"; };
		6B624C831F8D0D04007CC30A /* ItemViewController.swift */ = {isa = PBXFileReference; lastKnownFileType = sourcecode.swift; path = ItemViewController.swift; sourceTree = "<group>"; };
		6B624C861F8E2207007CC30A /* MainViewController+TestData.swift */ = {isa = PBXFileReference; lastKnownFileType = sourcecode.swift; path = "MainViewController+TestData.swift"; sourceTree = "<group>"; };
		6B624C881F8E2829007CC30A /* Categories.swift */ = {isa = PBXFileReference; lastKnownFileType = sourcecode.swift; path = Categories.swift; sourceTree = "<group>"; };
		6B624CAB1F90E177007CC30A /* ImprooImageVIew.swift */ = {isa = PBXFileReference; lastKnownFileType = sourcecode.swift; path = ImprooImageVIew.swift; sourceTree = "<group>"; };
		6B64706C1FAF5D1600E3D8DE /* MainViewController+DataSource.swift */ = {isa = PBXFileReference; lastKnownFileType = sourcecode.swift; path = "MainViewController+DataSource.swift"; sourceTree = "<group>"; };
		6B7731111FFBC71B009EEF8B /* PurchaseManager.swift */ = {isa = PBXFileReference; lastKnownFileType = sourcecode.swift; path = PurchaseManager.swift; sourceTree = "<group>"; };
		6B7731211FFBECF1009EEF8B /* StoreKit.framework */ = {isa = PBXFileReference; lastKnownFileType = wrapper.framework; name = StoreKit.framework; path = System/Library/Frameworks/StoreKit.framework; sourceTree = SDKROOT; };
		6B9708F61FA9E855000DDE6B /* AdvertisementViewController.swift */ = {isa = PBXFileReference; lastKnownFileType = sourcecode.swift; path = AdvertisementViewController.swift; sourceTree = "<group>"; };
		6BAB9B761FB8BF9C003E4A7A /* DiagonallyFilledView.swift */ = {isa = PBXFileReference; lastKnownFileType = sourcecode.swift; path = DiagonallyFilledView.swift; sourceTree = "<group>"; };
		6BAF47691FAF42C00018FCF7 /* ItemsCollectionViewDataSource.swift */ = {isa = PBXFileReference; lastKnownFileType = sourcecode.swift; path = ItemsCollectionViewDataSource.swift; sourceTree = "<group>"; };
		6BAF476B1FAF45970018FCF7 /* ItemCollectionViewCell.swift */ = {isa = PBXFileReference; lastKnownFileType = sourcecode.swift; path = ItemCollectionViewCell.swift; sourceTree = "<group>"; };
		6BDE774B1FB0BD7C00C43E93 /* AboutViewController.swift */ = {isa = PBXFileReference; lastKnownFileType = sourcecode.swift; path = AboutViewController.swift; sourceTree = "<group>"; };
		6BDE774D1FB0BDD000C43E93 /* SendFeedbackViewController.swift */ = {isa = PBXFileReference; lastKnownFileType = sourcecode.swift; path = SendFeedbackViewController.swift; sourceTree = "<group>"; };
		6BDE92081F852FD90065E080 /* Section.swift */ = {isa = PBXFileReference; lastKnownFileType = sourcecode.swift; path = Section.swift; sourceTree = "<group>"; };
		6BDE920A1F8536A00065E080 /* CategoriesViewController.swift */ = {isa = PBXFileReference; lastKnownFileType = sourcecode.swift; path = CategoriesViewController.swift; sourceTree = "<group>"; };
		AF4428C1A62ED3C528E20BFC /* Pods-Improo.release.xcconfig */ = {isa = PBXFileReference; includeInIndex = 1; lastKnownFileType = text.xcconfig; name = "Pods-Improo.release.xcconfig"; path = "Pods/Target Support Files/Pods-Improo/Pods-Improo.release.xcconfig"; sourceTree = "<group>"; };
		B19FE8C71FAF9BD800F0B801 /* Colors.swift */ = {isa = PBXFileReference; lastKnownFileType = sourcecode.swift; path = Colors.swift; sourceTree = "<group>"; };
		B1CE46A51F7C2BC600BE8937 /* Improo.app */ = {isa = PBXFileReference; explicitFileType = wrapper.application; includeInIndex = 0; path = Improo.app; sourceTree = BUILT_PRODUCTS_DIR; };
		B1CE46A81F7C2BC600BE8937 /* AppDelegate.swift */ = {isa = PBXFileReference; lastKnownFileType = sourcecode.swift; path = AppDelegate.swift; sourceTree = "<group>"; };
		B1CE46AA1F7C2BC600BE8937 /* MainViewController.swift */ = {isa = PBXFileReference; lastKnownFileType = sourcecode.swift; path = MainViewController.swift; sourceTree = "<group>"; };
		B1CE46AD1F7C2BC600BE8937 /* Base */ = {isa = PBXFileReference; lastKnownFileType = file.storyboard; name = Base; path = Base.lproj/Main.storyboard; sourceTree = "<group>"; };
		B1CE46AF1F7C2BC600BE8937 /* Assets.xcassets */ = {isa = PBXFileReference; lastKnownFileType = folder.assetcatalog; path = Assets.xcassets; sourceTree = "<group>"; };
		B1CE46B21F7C2BC600BE8937 /* Base */ = {isa = PBXFileReference; lastKnownFileType = file.storyboard; name = Base; path = Base.lproj/LaunchScreen.storyboard; sourceTree = "<group>"; };
		B1CE46B41F7C2BC600BE8937 /* Info.plist */ = {isa = PBXFileReference; lastKnownFileType = text.plist.xml; path = Info.plist; sourceTree = "<group>"; };
		B1CE46BE1F7C2FD600BE8937 /* Item.swift */ = {isa = PBXFileReference; lastKnownFileType = sourcecode.swift; path = Item.swift; sourceTree = "<group>"; };
		B1DD935E1F9E64B6003EA49E /* UIImageView + Helpers.swift */ = {isa = PBXFileReference; lastKnownFileType = sourcecode.swift; path = "UIImageView + Helpers.swift"; sourceTree = "<group>"; };
		E124D58F0A9E08BC4F0002CE /* Pods-Improo.debug.xcconfig */ = {isa = PBXFileReference; includeInIndex = 1; lastKnownFileType = text.xcconfig; name = "Pods-Improo.debug.xcconfig"; path = "Pods/Target Support Files/Pods-Improo/Pods-Improo.debug.xcconfig"; sourceTree = "<group>"; };
		FDCC7DE915ADFBCD11AB9541 /* Pods_Improo.framework */ = {isa = PBXFileReference; explicitFileType = wrapper.framework; includeInIndex = 0; path = Pods_Improo.framework; sourceTree = BUILT_PRODUCTS_DIR; };
/* End PBXFileReference section */

/* Begin PBXFrameworksBuildPhase section */
		B1CE46A21F7C2BC600BE8937 /* Frameworks */ = {
			isa = PBXFrameworksBuildPhase;
			buildActionMask = 2147483647;
			files = (
				3F40E09FB31C5EE75601DB4F /* Pods_Improo.framework in Frameworks */,
				6B7731221FFBECF1009EEF8B /* StoreKit.framework in Frameworks */,
			);
			runOnlyForDeploymentPostprocessing = 0;
		};
/* End PBXFrameworksBuildPhase section */

/* Begin PBXGroup section */
		6B624C851F8E21D8007CC30A /* Extensions */ = {
			isa = PBXGroup;
			children = (
				6B624C861F8E2207007CC30A /* MainViewController+TestData.swift */,
				6B116C531F98A6F500DF5D52 /* ViewController+Alerts.swift */,
				6B116C511F97A47300DF5D52 /* UIView+Border.swift */,
				6B116C551F98BAD700DF5D52 /* TextView+Placeholder.swift */,
				B1DD935E1F9E64B6003EA49E /* UIImageView + Helpers.swift */,
				B19FE8C71FAF9BD800F0B801 /* Colors.swift */,
			);
			path = Extensions;
			sourceTree = "<group>";
		};
		AAB9F64074B60C7474ABB751 /* Pods */ = {
			isa = PBXGroup;
			children = (
				E124D58F0A9E08BC4F0002CE /* Pods-Improo.debug.xcconfig */,
				AF4428C1A62ED3C528E20BFC /* Pods-Improo.release.xcconfig */,
			);
			name = Pods;
			sourceTree = "<group>";
		};
		B1CE469C1F7C2BC600BE8937 = {
			isa = PBXGroup;
			children = (
				B1CE46A71F7C2BC600BE8937 /* Improo */,
				B1CE46A61F7C2BC600BE8937 /* Products */,
				AAB9F64074B60C7474ABB751 /* Pods */,
				F106EB1DDF53E297C8EDB128 /* Frameworks */,
			);
			sourceTree = "<group>";
		};
		B1CE46A61F7C2BC600BE8937 /* Products */ = {
			isa = PBXGroup;
			children = (
				B1CE46A51F7C2BC600BE8937 /* Improo.app */,
			);
			name = Products;
			sourceTree = "<group>";
		};
		B1CE46A71F7C2BC600BE8937 /* Improo */ = {
			isa = PBXGroup;
			children = (
				6B624C851F8E21D8007CC30A /* Extensions */,
				B1CE46BA1F7C2C4500BE8937 /* Model */,
				B1CE46BB1F7C2C5300BE8937 /* View */,
				B1CE46BC1F7C2C5900BE8937 /* Controller */,
				B1CE46A81F7C2BC600BE8937 /* AppDelegate.swift */,
				6B116C571F98EE6700DF5D52 /* FirestoreManager.swift */,
				6B7731111FFBC71B009EEF8B /* PurchaseManager.swift */,
				B1CE46B41F7C2BC600BE8937 /* Info.plist */,
				6B0069E21FFE4F1700203383 /* GoogleService-Info.plist */,
			);
			path = Improo;
			sourceTree = "<group>";
		};
		B1CE46BA1F7C2C4500BE8937 /* Model */ = {
			isa = PBXGroup;
			children = (
				B1CE46BE1F7C2FD600BE8937 /* Item.swift */,
				6BDE92081F852FD90065E080 /* Section.swift */,
				6B624C881F8E2829007CC30A /* Categories.swift */,
			);
			path = Model;
			sourceTree = "<group>";
		};
		B1CE46BB1F7C2C5300BE8937 /* View */ = {
			isa = PBXGroup;
			children = (
				B1CE46B11F7C2BC600BE8937 /* LaunchScreen.storyboard */,
				B1CE46AC1F7C2BC600BE8937 /* Main.storyboard */,
				B1CE46AF1F7C2BC600BE8937 /* Assets.xcassets */,
				6B624CAB1F90E177007CC30A /* ImprooImageVIew.swift */,
				6BAF476B1FAF45970018FCF7 /* ItemCollectionViewCell.swift */,
				6BAF47691FAF42C00018FCF7 /* ItemsCollectionViewDataSource.swift */,
				6BAB9B761FB8BF9C003E4A7A /* DiagonallyFilledView.swift */,
				6B230C6D1FE18E790032EA1F /* CustomizedButton.swift */,
			);
			path = View;
			sourceTree = "<group>";
		};
		B1CE46BC1F7C2C5900BE8937 /* Controller */ = {
			isa = PBXGroup;
			children = (
				B1CE46AA1F7C2BC600BE8937 /* MainViewController.swift */,
				6B0069E41FFE843600203383 /* MainViewController+Purchase.swift */,
				6B64706C1FAF5D1600E3D8DE /* MainViewController+DataSource.swift */,
				6BDE920A1F8536A00065E080 /* CategoriesViewController.swift */,
				6B624C831F8D0D04007CC30A /* ItemViewController.swift */,
				6BDE774B1FB0BD7C00C43E93 /* AboutViewController.swift */,
				6BDE774D1FB0BDD000C43E93 /* SendFeedbackViewController.swift */,
				6B9708F61FA9E855000DDE6B /* AdvertisementViewController.swift */,
			);
			path = Controller;
			sourceTree = "<group>";
		};
		F106EB1DDF53E297C8EDB128 /* Frameworks */ = {
			isa = PBXGroup;
			children = (
				6B7731211FFBECF1009EEF8B /* StoreKit.framework */,
				FDCC7DE915ADFBCD11AB9541 /* Pods_Improo.framework */,
			);
			name = Frameworks;
			sourceTree = "<group>";
		};
/* End PBXGroup section */

/* Begin PBXNativeTarget section */
		B1CE46A41F7C2BC600BE8937 /* Improo */ = {
			isa = PBXNativeTarget;
			buildConfigurationList = B1CE46B71F7C2BC600BE8937 /* Build configuration list for PBXNativeTarget "Improo" */;
			buildPhases = (
				73EF56E834FC415696EAA7C7 /* [CP] Check Pods Manifest.lock */,
				B1CE46A11F7C2BC600BE8937 /* Sources */,
				B1CE46A21F7C2BC600BE8937 /* Frameworks */,
				B1CE46A31F7C2BC600BE8937 /* Resources */,
				28DF686268314CEC82C82276 /* [CP] Embed Pods Frameworks */,
				07A409FA424B9710C661AB3E /* [CP] Copy Pods Resources */,
				6B0069E61FFFAC7800203383 /* ShellScript */,
			);
			buildRules = (
			);
			dependencies = (
			);
			name = Improo;
			productName = Improo;
			productReference = B1CE46A51F7C2BC600BE8937 /* Improo.app */;
			productType = "com.apple.product-type.application";
		};
/* End PBXNativeTarget section */

/* Begin PBXProject section */
		B1CE469D1F7C2BC600BE8937 /* Project object */ = {
			isa = PBXProject;
			attributes = {
				LastSwiftUpdateCheck = 0900;
				LastUpgradeCheck = 0900;
				ORGANIZATIONNAME = GaranZZ;
				TargetAttributes = {
					B1CE46A41F7C2BC600BE8937 = {
						CreatedOnToolsVersion = 9.0;
						ProvisioningStyle = Automatic;
						SystemCapabilities = {
							com.apple.InAppPurchase = {
								enabled = 1;
							};
						};
					};
				};
			};
			buildConfigurationList = B1CE46A01F7C2BC600BE8937 /* Build configuration list for PBXProject "Improo" */;
			compatibilityVersion = "Xcode 8.0";
			developmentRegion = en;
			hasScannedForEncodings = 0;
			knownRegions = (
				en,
				Base,
			);
			mainGroup = B1CE469C1F7C2BC600BE8937;
			productRefGroup = B1CE46A61F7C2BC600BE8937 /* Products */;
			projectDirPath = "";
			projectRoot = "";
			targets = (
				B1CE46A41F7C2BC600BE8937 /* Improo */,
			);
		};
/* End PBXProject section */

/* Begin PBXResourcesBuildPhase section */
		B1CE46A31F7C2BC600BE8937 /* Resources */ = {
			isa = PBXResourcesBuildPhase;
			buildActionMask = 2147483647;
			files = (
				B1CE46B31F7C2BC600BE8937 /* LaunchScreen.storyboard in Resources */,
				6B0069E31FFE4F1700203383 /* GoogleService-Info.plist in Resources */,
				B1CE46B01F7C2BC600BE8937 /* Assets.xcassets in Resources */,
				B1CE46AE1F7C2BC600BE8937 /* Main.storyboard in Resources */,
			);
			runOnlyForDeploymentPostprocessing = 0;
		};
/* End PBXResourcesBuildPhase section */

/* Begin PBXShellScriptBuildPhase section */
		07A409FA424B9710C661AB3E /* [CP] Copy Pods Resources */ = {
			isa = PBXShellScriptBuildPhase;
			buildActionMask = 2147483647;
			files = (
			);
			inputPaths = (
			);
			name = "[CP] Copy Pods Resources";
			outputPaths = (
			);
			runOnlyForDeploymentPostprocessing = 0;
			shellPath = /bin/sh;
			shellScript = "\"${SRCROOT}/Pods/Target Support Files/Pods-Improo/Pods-Improo-resources.sh\"\n";
			showEnvVarsInLog = 0;
		};
		28DF686268314CEC82C82276 /* [CP] Embed Pods Frameworks */ = {
			isa = PBXShellScriptBuildPhase;
			buildActionMask = 2147483647;
			files = (
			);
			inputPaths = (
				"${SRCROOT}/Pods/Target Support Files/Pods-Improo/Pods-Improo-frameworks.sh",
				"${BUILT_PRODUCTS_DIR}/BoringSSL/openssl.framework",
				"${BUILT_PRODUCTS_DIR}/GTMSessionFetcher/GTMSessionFetcher.framework",
				"${BUILT_PRODUCTS_DIR}/GoogleToolboxForMac/GoogleToolboxForMac.framework",
				"${BUILT_PRODUCTS_DIR}/Protobuf/Protobuf.framework",
				"${BUILT_PRODUCTS_DIR}/gRPC/GRPCClient.framework",
				"${BUILT_PRODUCTS_DIR}/gRPC-Core/grpc.framework",
				"${BUILT_PRODUCTS_DIR}/gRPC-ProtoRPC/ProtoRPC.framework",
				"${BUILT_PRODUCTS_DIR}/gRPC-RxLibrary/RxLibrary.framework",
				"${BUILT_PRODUCTS_DIR}/leveldb-library/leveldb.framework",
				"${BUILT_PRODUCTS_DIR}/nanopb/nanopb.framework",
			);
			name = "[CP] Embed Pods Frameworks";
			outputPaths = (
				"${TARGET_BUILD_DIR}/${FRAMEWORKS_FOLDER_PATH}/openssl.framework",
				"${TARGET_BUILD_DIR}/${FRAMEWORKS_FOLDER_PATH}/GTMSessionFetcher.framework",
				"${TARGET_BUILD_DIR}/${FRAMEWORKS_FOLDER_PATH}/GoogleToolboxForMac.framework",
				"${TARGET_BUILD_DIR}/${FRAMEWORKS_FOLDER_PATH}/Protobuf.framework",
				"${TARGET_BUILD_DIR}/${FRAMEWORKS_FOLDER_PATH}/GRPCClient.framework",
				"${TARGET_BUILD_DIR}/${FRAMEWORKS_FOLDER_PATH}/grpc.framework",
				"${TARGET_BUILD_DIR}/${FRAMEWORKS_FOLDER_PATH}/ProtoRPC.framework",
				"${TARGET_BUILD_DIR}/${FRAMEWORKS_FOLDER_PATH}/RxLibrary.framework",
				"${TARGET_BUILD_DIR}/${FRAMEWORKS_FOLDER_PATH}/leveldb.framework",
				"${TARGET_BUILD_DIR}/${FRAMEWORKS_FOLDER_PATH}/nanopb.framework",
			);
			runOnlyForDeploymentPostprocessing = 0;
			shellPath = /bin/sh;
			shellScript = "\"${SRCROOT}/Pods/Target Support Files/Pods-Improo/Pods-Improo-frameworks.sh\"\n";
			showEnvVarsInLog = 0;
		};
		6B0069E61FFFAC7800203383 /* ShellScript */ = {
			isa = PBXShellScriptBuildPhase;
			buildActionMask = 2147483647;
			files = (
			);
			inputPaths = (
			);
			outputPaths = (
			);
			runOnlyForDeploymentPostprocessing = 0;
			shellPath = /bin/sh;
			shellScript = "\"${PODS_ROOT}/Fabric/run\" 124bb65d44118dad03bc3127689fca7e25ce53ff 9e1ba2d8ec5fba14473903f69220952fdbe39f0ea16fc94c75f789f4b6e01e86";
		};
		73EF56E834FC415696EAA7C7 /* [CP] Check Pods Manifest.lock */ = {
			isa = PBXShellScriptBuildPhase;
			buildActionMask = 2147483647;
			files = (
			);
			inputPaths = (
				"${PODS_PODFILE_DIR_PATH}/Podfile.lock",
				"${PODS_ROOT}/Manifest.lock",
			);
			name = "[CP] Check Pods Manifest.lock";
			outputPaths = (
				"$(DERIVED_FILE_DIR)/Pods-Improo-checkManifestLockResult.txt",
			);
			runOnlyForDeploymentPostprocessing = 0;
			shellPath = /bin/sh;
			shellScript = "diff \"${PODS_PODFILE_DIR_PATH}/Podfile.lock\" \"${PODS_ROOT}/Manifest.lock\" > /dev/null\nif [ $? != 0 ] ; then\n    # print error to STDERR\n    echo \"error: The sandbox is not in sync with the Podfile.lock. Run 'pod install' or update your CocoaPods installation.\" >&2\n    exit 1\nfi\n# This output is used by Xcode 'outputs' to avoid re-running this script phase.\necho \"SUCCESS\" > \"${SCRIPT_OUTPUT_FILE_0}\"\n";
			showEnvVarsInLog = 0;
		};
/* End PBXShellScriptBuildPhase section */

/* Begin PBXSourcesBuildPhase section */
		B1CE46A11F7C2BC600BE8937 /* Sources */ = {
			isa = PBXSourcesBuildPhase;
			buildActionMask = 2147483647;
			files = (
				B1DD935F1F9E64B6003EA49E /* UIImageView + Helpers.swift in Sources */,
				6BAB9B771FB8BF9C003E4A7A /* DiagonallyFilledView.swift in Sources */,
				B19FE8C81FAF9BD800F0B801 /* Colors.swift in Sources */,
				6BDE92091F852FD90065E080 /* Section.swift in Sources */,
				6B116C581F98EE6700DF5D52 /* FirestoreManager.swift in Sources */,
				6B116C541F98A6F500DF5D52 /* ViewController+Alerts.swift in Sources */,
				6BAF476C1FAF45970018FCF7 /* ItemCollectionViewCell.swift in Sources */,
				6B624C891F8E2829007CC30A /* Categories.swift in Sources */,
				6B116C521F97A47300DF5D52 /* UIView+Border.swift in Sources */,
				6BDE774E1FB0BDD000C43E93 /* SendFeedbackViewController.swift in Sources */,
				6B9708F71FA9E855000DDE6B /* AdvertisementViewController.swift in Sources */,
				B1CE46AB1F7C2BC600BE8937 /* MainViewController.swift in Sources */,
				6B230C6E1FE18E790032EA1F /* CustomizedButton.swift in Sources */,
				B1CE46BF1F7D824500BE8937 /* Item.swift in Sources */,
				6B624C871F8E2207007CC30A /* MainViewController+TestData.swift in Sources */,
				6B0069E51FFE843600203383 /* MainViewController+Purchase.swift in Sources */,
				6B116C561F98BAD700DF5D52 /* TextView+Placeholder.swift in Sources */,
				6B64706D1FAF5D1600E3D8DE /* MainViewController+DataSource.swift in Sources */,
				6B624CAC1F90E177007CC30A /* ImprooImageVIew.swift in Sources */,
				B1CE46A91F7C2BC600BE8937 /* AppDelegate.swift in Sources */,
				6BDE920B1F8536A00065E080 /* CategoriesViewController.swift in Sources */,
				6BAF476A1FAF42C00018FCF7 /* ItemsCollectionViewDataSource.swift in Sources */,
				6B624C841F8D0D04007CC30A /* ItemViewController.swift in Sources */,
				6BDE774C1FB0BD7C00C43E93 /* AboutViewController.swift in Sources */,
				6B7731121FFBC71B009EEF8B /* PurchaseManager.swift in Sources */,
			);
			runOnlyForDeploymentPostprocessing = 0;
		};
/* End PBXSourcesBuildPhase section */

/* Begin PBXVariantGroup section */
		B1CE46AC1F7C2BC600BE8937 /* Main.storyboard */ = {
			isa = PBXVariantGroup;
			children = (
				B1CE46AD1F7C2BC600BE8937 /* Base */,
			);
			name = Main.storyboard;
			sourceTree = "<group>";
		};
		B1CE46B11F7C2BC600BE8937 /* LaunchScreen.storyboard */ = {
			isa = PBXVariantGroup;
			children = (
				B1CE46B21F7C2BC600BE8937 /* Base */,
			);
			name = LaunchScreen.storyboard;
			sourceTree = "<group>";
		};
/* End PBXVariantGroup section */

/* Begin XCBuildConfiguration section */
		B1CE46B51F7C2BC600BE8937 /* Debug */ = {
			isa = XCBuildConfiguration;
			buildSettings = {
				ALWAYS_SEARCH_USER_PATHS = NO;
				CLANG_ANALYZER_NONNULL = YES;
				CLANG_ANALYZER_NUMBER_OBJECT_CONVERSION = YES_AGGRESSIVE;
				CLANG_CXX_LANGUAGE_STANDARD = "gnu++14";
				CLANG_CXX_LIBRARY = "libc++";
				CLANG_ENABLE_MODULES = YES;
				CLANG_ENABLE_OBJC_ARC = YES;
				CLANG_WARN_BLOCK_CAPTURE_AUTORELEASING = YES;
				CLANG_WARN_BOOL_CONVERSION = YES;
				CLANG_WARN_COMMA = YES;
				CLANG_WARN_CONSTANT_CONVERSION = YES;
				CLANG_WARN_DIRECT_OBJC_ISA_USAGE = YES_ERROR;
				CLANG_WARN_DOCUMENTATION_COMMENTS = YES;
				CLANG_WARN_EMPTY_BODY = YES;
				CLANG_WARN_ENUM_CONVERSION = YES;
				CLANG_WARN_INFINITE_RECURSION = YES;
				CLANG_WARN_INT_CONVERSION = YES;
				CLANG_WARN_NON_LITERAL_NULL_CONVERSION = YES;
				CLANG_WARN_OBJC_LITERAL_CONVERSION = YES;
				CLANG_WARN_OBJC_ROOT_CLASS = YES_ERROR;
				CLANG_WARN_RANGE_LOOP_ANALYSIS = YES;
				CLANG_WARN_STRICT_PROTOTYPES = YES;
				CLANG_WARN_SUSPICIOUS_MOVE = YES;
				CLANG_WARN_UNGUARDED_AVAILABILITY = YES_AGGRESSIVE;
				CLANG_WARN_UNREACHABLE_CODE = YES;
				CLANG_WARN__DUPLICATE_METHOD_MATCH = YES;
				CODE_SIGN_IDENTITY = "iPhone Distribution";
				COPY_PHASE_STRIP = NO;
				DEBUG_INFORMATION_FORMAT = dwarf;
				ENABLE_STRICT_OBJC_MSGSEND = YES;
				ENABLE_TESTABILITY = YES;
				GCC_C_LANGUAGE_STANDARD = gnu11;
				GCC_DYNAMIC_NO_PIC = NO;
				GCC_NO_COMMON_BLOCKS = YES;
				GCC_OPTIMIZATION_LEVEL = 0;
				GCC_PREPROCESSOR_DEFINITIONS = (
					"DEBUG=1",
					"$(inherited)",
				);
				GCC_WARN_64_TO_32_BIT_CONVERSION = YES;
				GCC_WARN_ABOUT_RETURN_TYPE = YES_ERROR;
				GCC_WARN_UNDECLARED_SELECTOR = YES;
				GCC_WARN_UNINITIALIZED_AUTOS = YES_AGGRESSIVE;
				GCC_WARN_UNUSED_FUNCTION = YES;
				GCC_WARN_UNUSED_VARIABLE = YES;
				IPHONEOS_DEPLOYMENT_TARGET = 11.0;
				MTL_ENABLE_DEBUG_INFO = YES;
				ONLY_ACTIVE_ARCH = YES;
				SDKROOT = iphoneos;
				SWIFT_ACTIVE_COMPILATION_CONDITIONS = DEBUG;
				SWIFT_OPTIMIZATION_LEVEL = "-Onone";
			};
			name = Debug;
		};
		B1CE46B61F7C2BC600BE8937 /* Release */ = {
			isa = XCBuildConfiguration;
			buildSettings = {
				ALWAYS_SEARCH_USER_PATHS = NO;
				CLANG_ANALYZER_NONNULL = YES;
				CLANG_ANALYZER_NUMBER_OBJECT_CONVERSION = YES_AGGRESSIVE;
				CLANG_CXX_LANGUAGE_STANDARD = "gnu++14";
				CLANG_CXX_LIBRARY = "libc++";
				CLANG_ENABLE_MODULES = YES;
				CLANG_ENABLE_OBJC_ARC = YES;
				CLANG_WARN_BLOCK_CAPTURE_AUTORELEASING = YES;
				CLANG_WARN_BOOL_CONVERSION = YES;
				CLANG_WARN_COMMA = YES;
				CLANG_WARN_CONSTANT_CONVERSION = YES;
				CLANG_WARN_DIRECT_OBJC_ISA_USAGE = YES_ERROR;
				CLANG_WARN_DOCUMENTATION_COMMENTS = YES;
				CLANG_WARN_EMPTY_BODY = YES;
				CLANG_WARN_ENUM_CONVERSION = YES;
				CLANG_WARN_INFINITE_RECURSION = YES;
				CLANG_WARN_INT_CONVERSION = YES;
				CLANG_WARN_NON_LITERAL_NULL_CONVERSION = YES;
				CLANG_WARN_OBJC_LITERAL_CONVERSION = YES;
				CLANG_WARN_OBJC_ROOT_CLASS = YES_ERROR;
				CLANG_WARN_RANGE_LOOP_ANALYSIS = YES;
				CLANG_WARN_STRICT_PROTOTYPES = YES;
				CLANG_WARN_SUSPICIOUS_MOVE = YES;
				CLANG_WARN_UNGUARDED_AVAILABILITY = YES_AGGRESSIVE;
				CLANG_WARN_UNREACHABLE_CODE = YES;
				CLANG_WARN__DUPLICATE_METHOD_MATCH = YES;
				CODE_SIGN_IDENTITY = "iPhone Distribution";
				COPY_PHASE_STRIP = NO;
				DEBUG_INFORMATION_FORMAT = "dwarf-with-dsym";
				ENABLE_NS_ASSERTIONS = NO;
				ENABLE_STRICT_OBJC_MSGSEND = YES;
				GCC_C_LANGUAGE_STANDARD = gnu11;
				GCC_NO_COMMON_BLOCKS = YES;
				GCC_WARN_64_TO_32_BIT_CONVERSION = YES;
				GCC_WARN_ABOUT_RETURN_TYPE = YES_ERROR;
				GCC_WARN_UNDECLARED_SELECTOR = YES;
				GCC_WARN_UNINITIALIZED_AUTOS = YES_AGGRESSIVE;
				GCC_WARN_UNUSED_FUNCTION = YES;
				GCC_WARN_UNUSED_VARIABLE = YES;
				IPHONEOS_DEPLOYMENT_TARGET = 11.0;
				MTL_ENABLE_DEBUG_INFO = NO;
				SDKROOT = iphoneos;
				SWIFT_OPTIMIZATION_LEVEL = "-Owholemodule";
				VALIDATE_PRODUCT = YES;
			};
			name = Release;
		};
		B1CE46B81F7C2BC600BE8937 /* Debug */ = {
			isa = XCBuildConfiguration;
			baseConfigurationReference = E124D58F0A9E08BC4F0002CE /* Pods-Improo.debug.xcconfig */;
			buildSettings = {
				ASSETCATALOG_COMPILER_APPICON_NAME = AppIcon;
				CODE_SIGN_IDENTITY = "iPhone Developer: zakhar.garan@gmail.com (7XVD7NEXM7)";
				"CODE_SIGN_IDENTITY[sdk=iphoneos*]" = "iPhone Developer";
				CODE_SIGN_STYLE = Automatic;
				DEVELOPMENT_TEAM = MW9E4VSH8R;
				INFOPLIST_FILE = Improo/Info.plist;
				IPHONEOS_DEPLOYMENT_TARGET = 10.0;
				LD_RUNPATH_SEARCH_PATHS = "$(inherited) @executable_path/Frameworks";
				PRODUCT_BUNDLE_IDENTIFIER = com.gzakhar.improo;
				PRODUCT_NAME = "$(TARGET_NAME)";
				PROVISIONING_PROFILE_SPECIFIER = "";
				SWIFT_VERSION = 4.0;
				TARGETED_DEVICE_FAMILY = 1;
			};
			name = Debug;
		};
		B1CE46B91F7C2BC600BE8937 /* Release */ = {
			isa = XCBuildConfiguration;
			baseConfigurationReference = AF4428C1A62ED3C528E20BFC /* Pods-Improo.release.xcconfig */;
			buildSettings = {
				ASSETCATALOG_COMPILER_APPICON_NAME = AppIcon;
				CODE_SIGN_IDENTITY = "iPhone Developer: zakhar.garan@gmail.com (7XVD7NEXM7)";
				"CODE_SIGN_IDENTITY[sdk=iphoneos*]" = "iPhone Developer";
				CODE_SIGN_STYLE = Automatic;
				DEVELOPMENT_TEAM = MW9E4VSH8R;
				INFOPLIST_FILE = Improo/Info.plist;
				IPHONEOS_DEPLOYMENT_TARGET = 10.0;
				LD_RUNPATH_SEARCH_PATHS = "$(inherited) @executable_path/Frameworks";
				PRODUCT_BUNDLE_IDENTIFIER = com.gzakhar.improo;
				PRODUCT_NAME = "$(TARGET_NAME)";
				PROVISIONING_PROFILE_SPECIFIER = "";
				SWIFT_VERSION = 4.0;
				TARGETED_DEVICE_FAMILY = 1;
			};
			name = Release;
		};
/* End XCBuildConfiguration section */

/* Begin XCConfigurationList section */
		B1CE46A01F7C2BC600BE8937 /* Build configuration list for PBXProject "Improo" */ = {
			isa = XCConfigurationList;
			buildConfigurations = (
				B1CE46B51F7C2BC600BE8937 /* Debug */,
				B1CE46B61F7C2BC600BE8937 /* Release */,
			);
			defaultConfigurationIsVisible = 0;
			defaultConfigurationName = Release;
		};
		B1CE46B71F7C2BC600BE8937 /* Build configuration list for PBXNativeTarget "Improo" */ = {
			isa = XCConfigurationList;
			buildConfigurations = (
				B1CE46B81F7C2BC600BE8937 /* Debug */,
				B1CE46B91F7C2BC600BE8937 /* Release */,
			);
			defaultConfigurationIsVisible = 0;
			defaultConfigurationName = Release;
		};
/* End XCConfigurationList section */
	};
	rootObject = B1CE469D1F7C2BC600BE8937 /* Project object */;
}
